<?xml version="1.0" encoding="UTF-8" standalone="yes" ?>
<CodeBlocks_project_file>
	<FileVersion major="1" minor="6" />
	<Project>
		<Option title="GO_Master" />
		<Option pch_mode="2" />
		<Option compiler="gcc" />
		<Build>
			<Target title="Debug">
				<Option output="bin/Debug/GO_Master" prefix_auto="1" extension_auto="1" />
				<Option object_output="obj/Debug/" />
				<Option type="1" />
				<Option compiler="gcc" />
				<Compiler>
					<Add option="-g" />
				</Compiler>
			</Target>
			<Target title="Release">
				<Option output="bin/Release/GO_Master" prefix_auto="1" extension_auto="1" />
				<Option object_output="obj/Release/" />
				<Option type="1" />
				<Option compiler="gcc" />
				<Compiler>
					<Add option="-O2" />
				</Compiler>
				<Linker>
					<Add option="-s" />
				</Linker>
			</Target>
		</Build>
		<Compiler>
			<Add option="-Wall" />
			<Add option="-fexceptions" />
		</Compiler>
		<Unit filename="../../Shared/RakNet/AutopatcherPatchContext.h" />
		<Unit filename="../../Shared/RakNet/AutopatcherRepositoryInterface.h" />
		<Unit filename="../../Shared/RakNet/Base64Encoder.cpp" />
		<Unit filename="../../Shared/RakNet/Base64Encoder.h" />
		<Unit filename="../../Shared/RakNet/BitStream.cpp" />
		<Unit filename="../../Shared/RakNet/BitStream.h" />
		<Unit filename="../../Shared/RakNet/CCRakNetSlidingWindow.cpp" />
		<Unit filename="../../Shared/RakNet/CCRakNetSlidingWindow.h" />
		<Unit filename="../../Shared/RakNet/CCRakNetUDT.cpp" />
		<Unit filename="../../Shared/RakNet/CCRakNetUDT.h" />
		<Unit filename="../../Shared/RakNet/CMakeLists.txt" />
		<Unit filename="../../Shared/RakNet/CheckSum.cpp" />
		<Unit filename="../../Shared/RakNet/CheckSum.h" />
		<Unit filename="../../Shared/RakNet/CloudClient.cpp" />
		<Unit filename="../../Shared/RakNet/CloudClient.h" />
		<Unit filename="../../Shared/RakNet/CloudCommon.cpp" />
		<Unit filename="../../Shared/RakNet/CloudCommon.h" />
		<Unit filename="../../Shared/RakNet/CloudServer.cpp" />
		<Unit filename="../../Shared/RakNet/CloudServer.h" />
		<Unit filename="../../Shared/RakNet/CommandParserInterface.cpp" />
		<Unit filename="../../Shared/RakNet/CommandParserInterface.h" />
		<Unit filename="../../Shared/RakNet/ConnectionGraph2.cpp" />
		<Unit filename="../../Shared/RakNet/ConnectionGraph2.h" />
		<Unit filename="../../Shared/RakNet/ConsoleServer.cpp" />
		<Unit filename="../../Shared/RakNet/ConsoleServer.h" />
		<Unit filename="../../Shared/RakNet/DR_SHA1.cpp" />
		<Unit filename="../../Shared/RakNet/DR_SHA1.h" />
		<Unit filename="../../Shared/RakNet/DS_BPlusTree.h" />
		<Unit filename="../../Shared/RakNet/DS_BinarySearchTree.h" />
		<Unit filename="../../Shared/RakNet/DS_BytePool.cpp" />
		<Unit filename="../../Shared/RakNet/DS_BytePool.h" />
		<Unit filename="../../Shared/RakNet/DS_ByteQueue.cpp" />
		<Unit filename="../../Shared/RakNet/DS_ByteQueue.h" />
		<Unit filename="../../Shared/RakNet/DS_Hash.h" />
		<Unit filename="../../Shared/RakNet/DS_Heap.h" />
		<Unit filename="../../Shared/RakNet/DS_HuffmanEncodingTree.cpp" />
		<Unit filename="../../Shared/RakNet/DS_HuffmanEncodingTree.h" />
		<Unit filename="../../Shared/RakNet/DS_HuffmanEncodingTreeFactory.h" />
		<Unit filename="../../Shared/RakNet/DS_HuffmanEncodingTreeNode.h" />
		<Unit filename="../../Shared/RakNet/DS_LinkedList.h" />
		<Unit filename="../../Shared/RakNet/DS_List.h" />
		<Unit filename="../../Shared/RakNet/DS_Map.h" />
		<Unit filename="../../Shared/RakNet/DS_MemoryPool.h" />
		<Unit filename="../../Shared/RakNet/DS_Multilist.h" />
		<Unit filename="../../Shared/RakNet/DS_OrderedChannelHeap.h" />
		<Unit filename="../../Shared/RakNet/DS_OrderedList.h" />
		<Unit filename="../../Shared/RakNet/DS_Queue.h" />
		<Unit filename="../../Shared/RakNet/DS_QueueLinkedList.h" />
		<Unit filename="../../Shared/RakNet/DS_RangeList.h" />
		<Unit filename="../../Shared/RakNet/DS_Table.cpp" />
		<Unit filename="../../Shared/RakNet/DS_Table.h" />
		<Unit filename="../../Shared/RakNet/DS_ThreadsafeAllocatingQueue.h" />
		<Unit filename="../../Shared/RakNet/DS_Tree.h" />
		<Unit filename="../../Shared/RakNet/DS_WeightedGraph.h" />
		<Unit filename="../../Shared/RakNet/DataCompressor.cpp" />
		<Unit filename="../../Shared/RakNet/DataCompressor.h" />
		<Unit filename="../../Shared/RakNet/DirectoryDeltaTransfer.cpp" />
		<Unit filename="../../Shared/RakNet/DirectoryDeltaTransfer.h" />
		<Unit filename="../../Shared/RakNet/DynDNS.cpp" />
		<Unit filename="../../Shared/RakNet/DynDNS.h" />
		<Unit filename="../../Shared/RakNet/EmailSender.cpp" />
		<Unit filename="../../Shared/RakNet/EmailSender.h" />
		<Unit filename="../../Shared/RakNet/EmptyHeader.h" />
		<Unit filename="../../Shared/RakNet/EpochTimeToString.cpp" />
		<Unit filename="../../Shared/RakNet/EpochTimeToString.h" />
		<Unit filename="../../Shared/RakNet/Export.h" />
		<Unit filename="../../Shared/RakNet/FileList.cpp" />
		<Unit filename="../../Shared/RakNet/FileList.h" />
		<Unit filename="../../Shared/RakNet/FileListNodeContext.h" />
		<Unit filename="../../Shared/RakNet/FileListTransfer.cpp" />
		<Unit filename="../../Shared/RakNet/FileListTransfer.h" />
		<Unit filename="../../Shared/RakNet/FileListTransferCBInterface.h" />
		<Unit filename="../../Shared/RakNet/FileOperations.cpp" />
		<Unit filename="../../Shared/RakNet/FileOperations.h" />
		<Unit filename="../../Shared/RakNet/FormatString.cpp" />
		<Unit filename="../../Shared/RakNet/FormatString.h" />
		<Unit filename="../../Shared/RakNet/FullyConnectedMesh2.cpp" />
		<Unit filename="../../Shared/RakNet/FullyConnectedMesh2.h" />
		<Unit filename="../../Shared/RakNet/GetTime.cpp" />
		<Unit filename="../../Shared/RakNet/GetTime.h" />
		<Unit filename="../../Shared/RakNet/Getche.cpp" />
		<Unit filename="../../Shared/RakNet/Getche.h" />
		<Unit filename="../../Shared/RakNet/Gets.cpp" />
		<Unit filename="../../Shared/RakNet/Gets.h" />
		<Unit filename="../../Shared/RakNet/GridSectorizer.cpp" />
		<Unit filename="../../Shared/RakNet/GridSectorizer.h" />
		<Unit filename="../../Shared/RakNet/HTTPConnection.cpp" />
		<Unit filename="../../Shared/RakNet/HTTPConnection.h" />
		<Unit filename="../../Shared/RakNet/HTTPConnection2.cpp" />
		<Unit filename="../../Shared/RakNet/HTTPConnection2.h" />
		<Unit filename="../../Shared/RakNet/IncrementalReadInterface.cpp" />
		<Unit filename="../../Shared/RakNet/IncrementalReadInterface.h" />
		<Unit filename="../../Shared/RakNet/InternalPacket.h" />
		<Unit filename="../../Shared/RakNet/Itoa.cpp" />
		<Unit filename="../../Shared/RakNet/Itoa.h" />
		<Unit filename="../../Shared/RakNet/Kbhit.h" />
		<Unit filename="../../Shared/RakNet/LinuxStrings.cpp" />
		<Unit filename="../../Shared/RakNet/LinuxStrings.h" />
		<Unit filename="../../Shared/RakNet/LocklessTypes.cpp" />
		<Unit filename="../../Shared/RakNet/LocklessTypes.h" />
		<Unit filename="../../Shared/RakNet/LogCommandParser.cpp" />
		<Unit filename="../../Shared/RakNet/LogCommandParser.h" />
		<Unit filename="../../Shared/RakNet/MTUSize.h" />
		<Unit filename="../../Shared/RakNet/MessageFilter.cpp" />
		<Unit filename="../../Shared/RakNet/MessageFilter.h" />
		<Unit filename="../../Shared/RakNet/MessageIdentifiers.h" />
		<Unit filename="../../Shared/RakNet/NatPunchthroughClient.cpp" />
		<Unit filename="../../Shared/RakNet/NatPunchthroughClient.h" />
		<Unit filename="../../Shared/RakNet/NatPunchthroughServer.cpp" />
		<Unit filename="../../Shared/RakNet/NatPunchthroughServer.h" />
		<Unit filename="../../Shared/RakNet/NatTypeDetectionClient.cpp" />
		<Unit filename="../../Shared/RakNet/NatTypeDetectionClient.h" />
		<Unit filename="../../Shared/RakNet/NatTypeDetectionCommon.cpp" />
		<Unit filename="../../Shared/RakNet/NatTypeDetectionCommon.h" />
		<Unit filename="../../Shared/RakNet/NatTypeDetectionServer.cpp" />
		<Unit filename="../../Shared/RakNet/NatTypeDetectionServer.h" />
		<Unit filename="../../Shared/RakNet/NativeFeatureIncludes.h" />
		<Unit filename="../../Shared/RakNet/NativeFeatureIncludesOverrides.h" />
		<Unit filename="../../Shared/RakNet/NativeTypes.h" />
		<Unit filename="../../Shared/RakNet/NetworkIDManager.cpp" />
		<Unit filename="../../Shared/RakNet/NetworkIDManager.h" />
		<Unit filename="../../Shared/RakNet/NetworkIDObject.cpp" />
		<Unit filename="../../Shared/RakNet/NetworkIDObject.h" />
		<Unit filename="../../Shared/RakNet/PS3Includes.h" />
		<Unit filename="../../Shared/RakNet/PS4Includes.cpp" />
		<Unit filename="../../Shared/RakNet/PS4Includes.h" />
		<Unit filename="../../Shared/RakNet/PacketConsoleLogger.cpp" />
		<Unit filename="../../Shared/RakNet/PacketConsoleLogger.h" />
		<Unit filename="../../Shared/RakNet/PacketFileLogger.cpp" />
		<Unit filename="../../Shared/RakNet/PacketFileLogger.h" />
		<Unit filename="../../Shared/RakNet/PacketLogger.cpp" />
		<Unit filename="../../Shared/RakNet/PacketLogger.h" />
		<Unit filename="../../Shared/RakNet/PacketOutputWindowLogger.cpp" />
		<Unit filename="../../Shared/RakNet/PacketOutputWindowLogger.h" />
		<Unit filename="../../Shared/RakNet/PacketPool.h" />
		<Unit filename="../../Shared/RakNet/PacketPriority.h" />
		<Unit filename="../../Shared/RakNet/PacketizedTCP.cpp" />
		<Unit filename="../../Shared/RakNet/PacketizedTCP.h" />
		<Unit filename="../../Shared/RakNet/PluginInterface2.cpp" />
		<Unit filename="../../Shared/RakNet/PluginInterface2.h" />
		<Unit filename="../../Shared/RakNet/RPC4Plugin.cpp" />
		<Unit filename="../../Shared/RakNet/RPC4Plugin.h" />
		<Unit filename="../../Shared/RakNet/Rackspace.cpp" />
		<Unit filename="../../Shared/RakNet/Rackspace.h" />
		<Unit filename="../../Shared/RakNet/RakAlloca.h" />
		<Unit filename="../../Shared/RakNet/RakAssert.h" />
		<Unit filename="../../Shared/RakNet/RakMemoryOverride.cpp" />
		<Unit filename="../../Shared/RakNet/RakMemoryOverride.h" />
		<Unit filename="../../Shared/RakNet/RakNet.vcproj" />
		<Unit filename="../../Shared/RakNet/RakNetCommandParser.cpp" />
		<Unit filename="../../Shared/RakNet/RakNetCommandParser.h" />
		<Unit filename="../../Shared/RakNet/RakNetDefines.h" />
		<Unit filename="../../Shared/RakNet/RakNetDefinesOverrides.h" />
		<Unit filename="../../Shared/RakNet/RakNetSmartPtr.h" />
		<Unit filename="../../Shared/RakNet/RakNetSocket.cpp" />
		<Unit filename="../../Shared/RakNet/RakNetSocket.h" />
		<Unit filename="../../Shared/RakNet/RakNetSocket2.cpp" />
		<Unit filename="../../Shared/RakNet/RakNetSocket2.h" />
		<Unit filename="../../Shared/RakNet/RakNetSocket2_360_720.cpp" />
		<Unit filename="../../Shared/RakNet/RakNetSocket2_Berkley.cpp" />
		<Unit filename="../../Shared/RakNet/RakNetSocket2_Berkley_NativeClient.cpp" />
		<Unit filename="../../Shared/RakNet/RakNetSocket2_NativeClient.cpp" />
		<Unit filename="../../Shared/RakNet/RakNetSocket2_PS3_PS4.cpp" />
		<Unit filename="../../Shared/RakNet/RakNetSocket2_PS4.cpp" />
		<Unit filename="../../Shared/RakNet/RakNetSocket2_Vita.cpp" />
		<Unit filename="../../Shared/RakNet/RakNetSocket2_WindowsStore8.cpp" />
		<Unit filename="../../Shared/RakNet/RakNetSocket2_Windows_Linux.cpp" />
		<Unit filename="../../Shared/RakNet/RakNetSocket2_Windows_Linux_360.cpp" />
		<Unit filename="../../Shared/RakNet/RakNetStatistics.cpp" />
		<Unit filename="../../Shared/RakNet/RakNetStatistics.h" />
		<Unit filename="../../Shared/RakNet/RakNetTime.h" />
		<Unit filename="../../Shared/RakNet/RakNetTransport2.cpp" />
		<Unit filename="../../Shared/RakNet/RakNetTransport2.h" />
		<Unit filename="../../Shared/RakNet/RakNetTypes.cpp" />
		<Unit filename="../../Shared/RakNet/RakNetTypes.h" />
		<Unit filename="../../Shared/RakNet/RakNetVersion.h" />
		<Unit filename="../../Shared/RakNet/RakNet_vc8.vcproj" />
		<Unit filename="../../Shared/RakNet/RakNet_vc9.vcproj" />
		<Unit filename="../../Shared/RakNet/RakPeer.cpp" />
		<Unit filename="../../Shared/RakNet/RakPeer.h" />
		<Unit filename="../../Shared/RakNet/RakPeerInterface.h" />
		<Unit filename="../../Shared/RakNet/RakSleep.cpp" />
		<Unit filename="../../Shared/RakNet/RakSleep.h" />
		<Unit filename="../../Shared/RakNet/RakString.cpp" />
		<Unit filename="../../Shared/RakNet/RakString.h" />
		<Unit filename="../../Shared/RakNet/RakThread.cpp" />
		<Unit filename="../../Shared/RakNet/RakThread.h" />
		<Unit filename="../../Shared/RakNet/RakWString.cpp" />
		<Unit filename="../../Shared/RakNet/RakWString.h" />
		<Unit filename="../../Shared/RakNet/Rand.cpp" />
		<Unit filename="../../Shared/RakNet/Rand.h" />
		<Unit filename="../../Shared/RakNet/RandSync.cpp" />
		<Unit filename="../../Shared/RakNet/RandSync.h" />
		<Unit filename="../../Shared/RakNet/ReadyEvent.cpp" />
		<Unit filename="../../Shared/RakNet/ReadyEvent.h" />
		<Unit filename="../../Shared/RakNet/RefCountedObj.h" />
		<Unit filename="../../Shared/RakNet/RelayPlugin.cpp" />
		<Unit filename="../../Shared/RakNet/RelayPlugin.h" />
		<Unit filename="../../Shared/RakNet/ReliabilityLayer.cpp" />
		<Unit filename="../../Shared/RakNet/ReliabilityLayer.h" />
		<Unit filename="../../Shared/RakNet/ReplicaEnums.h" />
		<Unit filename="../../Shared/RakNet/ReplicaManager3.cpp" />
		<Unit filename="../../Shared/RakNet/ReplicaManager3.h" />
		<Unit filename="../../Shared/RakNet/Router2.cpp" />
		<Unit filename="../../Shared/RakNet/Router2.h" />
		<Unit filename="../../Shared/RakNet/SecureHandshake.cpp" />
		<Unit filename="../../Shared/RakNet/SecureHandshake.h" />
		<Unit filename="../../Shared/RakNet/SendToThread.cpp" />
		<Unit filename="../../Shared/RakNet/SendToThread.h" />
		<Unit filename="../../Shared/RakNet/SignaledEvent.cpp" />
		<Unit filename="../../Shared/RakNet/SignaledEvent.h" />
		<Unit filename="../../Shared/RakNet/SimpleMutex.cpp" />
		<Unit filename="../../Shared/RakNet/SimpleMutex.h" />
		<Unit filename="../../Shared/RakNet/SimpleTCPServer.h" />
		<Unit filename="../../Shared/RakNet/SingleProducerConsumer.h" />
		<Unit filename="../../Shared/RakNet/SocketDefines.h" />
		<Unit filename="../../Shared/RakNet/SocketIncludes.h" />
		<Unit filename="../../Shared/RakNet/SocketLayer.cpp" />
		<Unit filename="../../Shared/RakNet/SocketLayer.h" />
		<Unit filename="../../Shared/RakNet/StatisticsHistory.cpp" />
		<Unit filename="../../Shared/RakNet/StatisticsHistory.h" />
		<Unit filename="../../Shared/RakNet/StringCompressor.cpp" />
		<Unit filename="../../Shared/RakNet/StringCompressor.h" />
		<Unit filename="../../Shared/RakNet/StringTable.cpp" />
		<Unit filename="../../Shared/RakNet/StringTable.h" />
		<Unit filename="../../Shared/RakNet/SuperFastHash.cpp" />
		<Unit filename="../../Shared/RakNet/SuperFastHash.h" />
		<Unit filename="../../Shared/RakNet/TCPInterface.cpp" />
		<Unit filename="../../Shared/RakNet/TCPInterface.h" />
		<Unit filename="../../Shared/RakNet/TableSerializer.cpp" />
		<Unit filename="../../Shared/RakNet/TableSerializer.h" />
		<Unit filename="../../Shared/RakNet/TeamBalancer.cpp" />
		<Unit filename="../../Shared/RakNet/TeamBalancer.h" />
		<Unit filename="../../Shared/RakNet/TeamManager.cpp" />
		<Unit filename="../../Shared/RakNet/TeamManager.h" />
		<Unit filename="../../Shared/RakNet/TelnetTransport.cpp" />
		<Unit filename="../../Shared/RakNet/TelnetTransport.h" />
		<Unit filename="../../Shared/RakNet/ThreadPool.h" />
		<Unit filename="../../Shared/RakNet/ThreadsafePacketLogger.cpp" />
		<Unit filename="../../Shared/RakNet/ThreadsafePacketLogger.h" />
		<Unit filename="../../Shared/RakNet/TransportInterface.h" />
		<Unit filename="../../Shared/RakNet/TwoWayAuthentication.cpp" />
		<Unit filename="../../Shared/RakNet/TwoWayAuthentication.h" />
		<Unit filename="../../Shared/RakNet/UDPForwarder.cpp" />
		<Unit filename="../../Shared/RakNet/UDPForwarder.h" />
		<Unit filename="../../Shared/RakNet/UDPProxyClient.cpp" />
		<Unit filename="../../Shared/RakNet/UDPProxyClient.h" />
		<Unit filename="../../Shared/RakNet/UDPProxyCommon.h" />
		<Unit filename="../../Shared/RakNet/UDPProxyCoordinator.cpp" />
		<Unit filename="../../Shared/RakNet/UDPProxyCoordinator.h" />
		<Unit filename="../../Shared/RakNet/UDPProxyServer.cpp" />
		<Unit filename="../../Shared/RakNet/UDPProxyServer.h" />
		<Unit filename="../../Shared/RakNet/VariableDeltaSerializer.cpp" />
		<Unit filename="../../Shared/RakNet/VariableDeltaSerializer.h" />
		<Unit filename="../../Shared/RakNet/VariableListDeltaTracker.cpp" />
		<Unit filename="../../Shared/RakNet/VariableListDeltaTracker.h" />
		<Unit filename="../../Shared/RakNet/VariadicSQLParser.cpp" />
		<Unit filename="../../Shared/RakNet/VariadicSQLParser.h" />
		<Unit filename="../../Shared/RakNet/VitaIncludes.cpp" />
		<Unit filename="../../Shared/RakNet/VitaIncludes.h" />
		<Unit filename="../../Shared/RakNet/WSAStartupSingleton.cpp" />
		<Unit filename="../../Shared/RakNet/WSAStartupSingleton.h" />
		<Unit filename="../../Shared/RakNet/WindowsIncludes.h" />
		<Unit filename="../../Shared/RakNet/XBox360Includes.h" />
		<Unit filename="../../Shared/RakNet/_FindFirst.cpp" />
		<Unit filename="../../Shared/RakNet/_FindFirst.h" />
		<Unit filename="../../Shared/RakNet/gettimeofday.cpp" />
		<Unit filename="../../Shared/RakNet/gettimeofday.h" />
		<Unit filename="../../Shared/RaknetIncludes.h" />
		<Unit filename="CMaster.cpp" />
		<Unit filename="CMaster.h" />
		<Unit filename="CNetwork.cpp" />
		<Unit filename="CNetwork.h" />
		<Unit filename="CServer.h" />
		<Unit filename="main.cpp" />
		<Unit filename="stdInc.h" />
		<Extensions>
			<code_completion />
			<debugger />
		</Extensions>
	</Project>
</CodeBlocks_project_file>
